
Microsoft Visual Studio Solution File, Format Version 12.00
# Visual Studio 14
VisualStudioVersion = 14.0.25420.1
MinimumVisualStudioVersion = 10.0.40219.1
Project("{FAE04EC0-301F-11D3-BF4B-00C04F79EFBC}") = "Assignment1_A00972836", "Assignment1_A00972836\Assignment1_A00972836.csproj", "{6B775E41-3957-42EF-B797-08C2BE04F00E}"
EndProject
Project("{FAE04EC0-301F-11D3-BF4B-00C04F79EFBC}") = "Assignment1_Model_A00972836", "Assignment1_Model_A00972836\Assignment1_Model_A00972836.csproj", "{08BD07FE-BD60-4889-A654-25C19B47EF71}"
EndProject
Global
	GlobalSection(SolutionConfigurationPlatforms) = preSolution
		Debug|Any CPU = Debug|Any CPU
		Release|Any CPU = Release|Any CPU
	EndGlobalSection
	GlobalSection(ProjectConfigurationPlatforms) = postSolution
		{6B775E41-3957-42EF-B797-08C2BE04F00E}.Debug|Any CPU.ActiveCfg = Debug|Any CPU
		{6B775E41-3957-42EF-B797-08C2BE04F00E}.Debug|Any CPU.Build.0 = Debug|Any CPU
		{6B775E41-3957-42EF-B797-08C2BE04F00E}.Release|Any CPU.ActiveCfg = Release|Any CPU
		{6B775E41-3957-42EF-B797-08C2BE04F00E}.Release|Any CPU.Build.0 = Release|Any CPU
		{08BD07FE-BD60-4889-A654-25C19B47EF71}.Debug|Any CPU.ActiveCfg = Debug|Any CPU
		{08BD07FE-BD60-4889-A654-25C19B47EF71}.Debug|Any CPU.Build.0 = Debug|Any CPU
		{08BD07FE-BD60-4889-A654-25C19B47EF71}.Release|Any CPU.ActiveCfg = Release|Any CPU
		{08BD07FE-BD60-4889-A654-25C19B47EF71}.Release|Any CPU.Build.0 = Release|Any CPU
	EndGlobalSection
	GlobalSection(SolutionProperties) = preSolution
		HideSolutionNode = FALSE
	EndGlobalSection
EndGlobal
